
Microsoft Visual Studio Solution File, Format Version 12.00
# Visual Studio Version 17
VisualStudioVersion = 17.7.34031.279
MinimumVisualStudioVersion = 10.0.40219.1
Project("{FAE04EC0-301F-11D3-BF4B-00C04F79EFBC}") = "CGO_TEST", "..\CGO_Buoi07\CGO_TEST.csproj", "{EDC59283-BBF1-4B2E-9D38-9D5BA6794ECF}"
EndProject
Project("{FAE04EC0-301F-11D3-BF4B-00C04F79EFBC}") = "TH01_CB", "..\BaiTap_W02\C# Căn Bản\TH_1\TH01_CB.csproj", "{BEFD1C7C-E9FA-41DB-AF13-B8EAF876CA9E}"
EndProject
Project("{FAE04EC0-301F-11D3-BF4B-00C04F79EFBC}") = "TH02_CB", "..\BaiTap_W02\C# Căn Bản\TH_02\TH02_CB.csproj", "{6EDE4521-3DF5-4A38-9EA8-5FB007E925DE}"
EndProject
Project("{FAE04EC0-301F-11D3-BF4B-00C04F79EFBC}") = "BT01_CB", "..\BaiTap_W02\C# Căn Bản\BT_01\BT01_CB.csproj", "{EF5A206F-697A-4D54-8C55-F88E67F904F1}"
EndProject
Project("{FAE04EC0-301F-11D3-BF4B-00C04F79EFBC}") = "BT02_CB", "..\BaiTap_W02\C# Căn Bản\BT_02\BT02_CB.csproj", "{62887DE8-AF82-45FD-921C-95DF48875D77}"
EndProject
Project("{FAE04EC0-301F-11D3-BF4B-00C04F79EFBC}") = "TH01_CLDK", "..\BaiTap_W02\Cau Lenh Dieu Kien\TH_01\TH01_CLDK.csproj", "{90308106-C48B-4E5C-8AEE-ABFB91511B85}"
EndProject
Project("{FAE04EC0-301F-11D3-BF4B-00C04F79EFBC}") = "TH02_CLDK", "..\BaiTap_W02\Cau Lenh Dieu Kien\TH02_CLDK\TH02_CLDK.csproj", "{FF5944AB-878D-42BE-AC85-CC1A2E6647F3}"
EndProject
Project("{FAE04EC0-301F-11D3-BF4B-00C04F79EFBC}") = "BT01_CLDK", "..\BaiTap_W02\Cau Lenh Dieu Kien\BT01_CLDK\BT01_CLDK.csproj", "{B10E69A1-B3EE-41F8-AE6F-DF21704569E6}"
EndProject
Project("{FAE04EC0-301F-11D3-BF4B-00C04F79EFBC}") = "TH01_CLL", "..\BaiTap_W03\TH01_CLL\TH01_CLL.csproj", "{09B00CAE-C801-47C3-917B-2A8E29641C64}"
EndProject
Project("{FAE04EC0-301F-11D3-BF4B-00C04F79EFBC}") = "CGO_TEST2", "..\TEST\CGO_TEST2\CGO_TEST2.csproj", "{151553AD-E78E-4845-89DD-784A9582312B}"
EndProject
Project("{FAE04EC0-301F-11D3-BF4B-00C04F79EFBC}") = "CGO_TEST3", "..\TEST\CGO_TEST3\CGO_TEST3\CGO_TEST3.csproj", "{4C3679FB-F6D2-4C05-8BFA-6B2C982CA46D}"
EndProject
Project("{FAE04EC0-301F-11D3-BF4B-00C04F79EFBC}") = "BT_W04", "..\BaiTap_W04\BT_W04\BT_W04.csproj", "{B89EA541-D518-41A4-915A-C6A1324CABAC}"
EndProject
Project("{FAE04EC0-301F-11D3-BF4B-00C04F79EFBC}") = "test", "..\BaiTap_W04\BT_W04\test\test.csproj", "{C1688D7D-FC11-4E71-A553-60DF9011F411}"
EndProject
Project("{FAE04EC0-301F-11D3-BF4B-00C04F79EFBC}") = "BT_W05", "..\BaiTap_W05\BT_W05\BT_W05.csproj", "{EE64BE9C-05E7-4554-ADAF-85AEB7F28E3A}"
EndProject
Global
	GlobalSection(SolutionConfigurationPlatforms) = preSolution
		Debug|Any CPU = Debug|Any CPU
		Release|Any CPU = Release|Any CPU
	EndGlobalSection
	GlobalSection(ProjectConfigurationPlatforms) = postSolution
		{EDC59283-BBF1-4B2E-9D38-9D5BA6794ECF}.Debug|Any CPU.ActiveCfg = Debug|Any CPU
		{EDC59283-BBF1-4B2E-9D38-9D5BA6794ECF}.Debug|Any CPU.Build.0 = Debug|Any CPU
		{EDC59283-BBF1-4B2E-9D38-9D5BA6794ECF}.Release|Any CPU.ActiveCfg = Release|Any CPU
		{EDC59283-BBF1-4B2E-9D38-9D5BA6794ECF}.Release|Any CPU.Build.0 = Release|Any CPU
		{BEFD1C7C-E9FA-41DB-AF13-B8EAF876CA9E}.Debug|Any CPU.ActiveCfg = Debug|Any CPU
		{BEFD1C7C-E9FA-41DB-AF13-B8EAF876CA9E}.Debug|Any CPU.Build.0 = Debug|Any CPU
		{BEFD1C7C-E9FA-41DB-AF13-B8EAF876CA9E}.Release|Any CPU.ActiveCfg = Release|Any CPU
		{BEFD1C7C-E9FA-41DB-AF13-B8EAF876CA9E}.Release|Any CPU.Build.0 = Release|Any CPU
		{6EDE4521-3DF5-4A38-9EA8-5FB007E925DE}.Debug|Any CPU.ActiveCfg = Debug|Any CPU
		{6EDE4521-3DF5-4A38-9EA8-5FB007E925DE}.Debug|Any CPU.Build.0 = Debug|Any CPU
		{6EDE4521-3DF5-4A38-9EA8-5FB007E925DE}.Release|Any CPU.ActiveCfg = Release|Any CPU
		{6EDE4521-3DF5-4A38-9EA8-5FB007E925DE}.Release|Any CPU.Build.0 = Release|Any CPU
		{EF5A206F-697A-4D54-8C55-F88E67F904F1}.Debug|Any CPU.ActiveCfg = Debug|Any CPU
		{EF5A206F-697A-4D54-8C55-F88E67F904F1}.Debug|Any CPU.Build.0 = Debug|Any CPU
		{EF5A206F-697A-4D54-8C55-F88E67F904F1}.Release|Any CPU.ActiveCfg = Release|Any CPU
		{EF5A206F-697A-4D54-8C55-F88E67F904F1}.Release|Any CPU.Build.0 = Release|Any CPU
		{62887DE8-AF82-45FD-921C-95DF48875D77}.Debug|Any CPU.ActiveCfg = Debug|Any CPU
		{62887DE8-AF82-45FD-921C-95DF48875D77}.Debug|Any CPU.Build.0 = Debug|Any CPU
		{62887DE8-AF82-45FD-921C-95DF48875D77}.Release|Any CPU.ActiveCfg = Release|Any CPU
		{62887DE8-AF82-45FD-921C-95DF48875D77}.Release|Any CPU.Build.0 = Release|Any CPU
		{90308106-C48B-4E5C-8AEE-ABFB91511B85}.Debug|Any CPU.ActiveCfg = Debug|Any CPU
		{90308106-C48B-4E5C-8AEE-ABFB91511B85}.Debug|Any CPU.Build.0 = Debug|Any CPU
		{90308106-C48B-4E5C-8AEE-ABFB91511B85}.Release|Any CPU.ActiveCfg = Release|Any CPU
		{90308106-C48B-4E5C-8AEE-ABFB91511B85}.Release|Any CPU.Build.0 = Release|Any CPU
		{FF5944AB-878D-42BE-AC85-CC1A2E6647F3}.Debug|Any CPU.ActiveCfg = Debug|Any CPU
		{FF5944AB-878D-42BE-AC85-CC1A2E6647F3}.Debug|Any CPU.Build.0 = Debug|Any CPU
		{FF5944AB-878D-42BE-AC85-CC1A2E6647F3}.Release|Any CPU.ActiveCfg = Release|Any CPU
		{FF5944AB-878D-42BE-AC85-CC1A2E6647F3}.Release|Any CPU.Build.0 = Release|Any CPU
		{B10E69A1-B3EE-41F8-AE6F-DF21704569E6}.Debug|Any CPU.ActiveCfg = Debug|Any CPU
		{B10E69A1-B3EE-41F8-AE6F-DF21704569E6}.Debug|Any CPU.Build.0 = Debug|Any CPU
		{B10E69A1-B3EE-41F8-AE6F-DF21704569E6}.Release|Any CPU.ActiveCfg = Release|Any CPU
		{B10E69A1-B3EE-41F8-AE6F-DF21704569E6}.Release|Any CPU.Build.0 = Release|Any CPU
		{09B00CAE-C801-47C3-917B-2A8E29641C64}.Debug|Any CPU.ActiveCfg = Debug|Any CPU
		{09B00CAE-C801-47C3-917B-2A8E29641C64}.Debug|Any CPU.Build.0 = Debug|Any CPU
		{09B00CAE-C801-47C3-917B-2A8E29641C64}.Release|Any CPU.ActiveCfg = Release|Any CPU
		{09B00CAE-C801-47C3-917B-2A8E29641C64}.Release|Any CPU.Build.0 = Release|Any CPU
		{151553AD-E78E-4845-89DD-784A9582312B}.Debug|Any CPU.ActiveCfg = Debug|Any CPU
		{151553AD-E78E-4845-89DD-784A9582312B}.Debug|Any CPU.Build.0 = Debug|Any CPU
		{151553AD-E78E-4845-89DD-784A9582312B}.Release|Any CPU.ActiveCfg = Release|Any CPU
		{151553AD-E78E-4845-89DD-784A9582312B}.Release|Any CPU.Build.0 = Release|Any CPU
		{4C3679FB-F6D2-4C05-8BFA-6B2C982CA46D}.Debug|Any CPU.ActiveCfg = Debug|Any CPU
		{4C3679FB-F6D2-4C05-8BFA-6B2C982CA46D}.Debug|Any CPU.Build.0 = Debug|Any CPU
		{4C3679FB-F6D2-4C05-8BFA-6B2C982CA46D}.Release|Any CPU.ActiveCfg = Release|Any CPU
		{4C3679FB-F6D2-4C05-8BFA-6B2C982CA46D}.Release|Any CPU.Build.0 = Release|Any CPU
		{B89EA541-D518-41A4-915A-C6A1324CABAC}.Debug|Any CPU.ActiveCfg = Debug|Any CPU
		{B89EA541-D518-41A4-915A-C6A1324CABAC}.Debug|Any CPU.Build.0 = Debug|Any CPU
		{B89EA541-D518-41A4-915A-C6A1324CABAC}.Release|Any CPU.ActiveCfg = Release|Any CPU
		{B89EA541-D518-41A4-915A-C6A1324CABAC}.Release|Any CPU.Build.0 = Release|Any CPU
		{C1688D7D-FC11-4E71-A553-60DF9011F411}.Debug|Any CPU.ActiveCfg = Debug|Any CPU
		{C1688D7D-FC11-4E71-A553-60DF9011F411}.Debug|Any CPU.Build.0 = Debug|Any CPU
		{C1688D7D-FC11-4E71-A553-60DF9011F411}.Release|Any CPU.ActiveCfg = Release|Any CPU
		{C1688D7D-FC11-4E71-A553-60DF9011F411}.Release|Any CPU.Build.0 = Release|Any CPU
		{EE64BE9C-05E7-4554-ADAF-85AEB7F28E3A}.Debug|Any CPU.ActiveCfg = Debug|Any CPU
		{EE64BE9C-05E7-4554-ADAF-85AEB7F28E3A}.Debug|Any CPU.Build.0 = Debug|Any CPU
		{EE64BE9C-05E7-4554-ADAF-85AEB7F28E3A}.Release|Any CPU.ActiveCfg = Release|Any CPU
		{EE64BE9C-05E7-4554-ADAF-85AEB7F28E3A}.Release|Any CPU.Build.0 = Release|Any CPU
	EndGlobalSection
	GlobalSection(SolutionProperties) = preSolution
		HideSolutionNode = FALSE
	EndGlobalSection
	GlobalSection(ExtensibilityGlobals) = postSolution
		SolutionGuid = {8F115B2B-961E-42DB-903B-4DA945CAD62A}
	EndGlobalSection
EndGlobal
